
Microsoft Visual Studio Solution File, Format Version 12.00
# Visual Studio Version 17
VisualStudioVersion = 17.8.34309.116
MinimumVisualStudioVersion = 10.0.40219.1
Project("{2150E333-8FDC-42A3-9474-1A3956D46DE8}") = "src", "src", "{264AE8B2-B2B6-4D2C-8EAC-3BA28943A81A}"
EndProject
Project("{2150E333-8FDC-42A3-9474-1A3956D46DE8}") = "Core", "Core", "{C143FD7D-2451-418E-B3B8-C42522FFFB75}"
EndProject
Project("{9A19103F-16F7-4668-BE54-9A1E7A4F7556}") = "PruebaDVP.Domain", "PruebaDVP.Domain\PruebaDVP.Domain.csproj", "{05C06B75-51BA-4D44-9A0E-7145360E38E0}"
EndProject
Project("{9A19103F-16F7-4668-BE54-9A1E7A4F7556}") = "PruebaDVP.Application", "PruebaDVP.Application\PruebaDVP.Application.csproj", "{0F350B51-03DC-4F77-8607-CEEF7DEFA340}"
EndProject
Project("{2150E333-8FDC-42A3-9474-1A3956D46DE8}") = "Infrastructure", "Infrastructure", "{39330088-81A1-4286-A1A5-8D758CFCB544}"
EndProject
Project("{9A19103F-16F7-4668-BE54-9A1E7A4F7556}") = "PruebaDVP.Infra", "PruebaDVP.Infra\PruebaDVP.Infra.csproj", "{D6A133E3-DD2C-4FD4-A1ED-4CCB88CDD67D}"
EndProject
Project("{2150E333-8FDC-42A3-9474-1A3956D46DE8}") = "IU", "IU", "{A0676AA8-2D30-4EEC-BF52-4729524E2644}"
EndProject
Project("{FAE04EC0-301F-11D3-BF4B-00C04F79EFBC}") = "PruebaDVP.Api", "PruebaDVP.Api\PruebaDVP.Api.csproj", "{EA22FFC4-6872-432A-A535-D4F7AE3D5483}"
EndProject
Global
	GlobalSection(SolutionConfigurationPlatforms) = preSolution
		Debug|Any CPU = Debug|Any CPU
		Release|Any CPU = Release|Any CPU
	EndGlobalSection
	GlobalSection(ProjectConfigurationPlatforms) = postSolution
		{05C06B75-51BA-4D44-9A0E-7145360E38E0}.Debug|Any CPU.ActiveCfg = Debug|Any CPU
		{05C06B75-51BA-4D44-9A0E-7145360E38E0}.Debug|Any CPU.Build.0 = Debug|Any CPU
		{05C06B75-51BA-4D44-9A0E-7145360E38E0}.Release|Any CPU.ActiveCfg = Release|Any CPU
		{05C06B75-51BA-4D44-9A0E-7145360E38E0}.Release|Any CPU.Build.0 = Release|Any CPU
		{0F350B51-03DC-4F77-8607-CEEF7DEFA340}.Debug|Any CPU.ActiveCfg = Debug|Any CPU
		{0F350B51-03DC-4F77-8607-CEEF7DEFA340}.Debug|Any CPU.Build.0 = Debug|Any CPU
		{0F350B51-03DC-4F77-8607-CEEF7DEFA340}.Release|Any CPU.ActiveCfg = Release|Any CPU
		{0F350B51-03DC-4F77-8607-CEEF7DEFA340}.Release|Any CPU.Build.0 = Release|Any CPU
		{D6A133E3-DD2C-4FD4-A1ED-4CCB88CDD67D}.Debug|Any CPU.ActiveCfg = Debug|Any CPU
		{D6A133E3-DD2C-4FD4-A1ED-4CCB88CDD67D}.Debug|Any CPU.Build.0 = Debug|Any CPU
		{D6A133E3-DD2C-4FD4-A1ED-4CCB88CDD67D}.Release|Any CPU.ActiveCfg = Release|Any CPU
		{D6A133E3-DD2C-4FD4-A1ED-4CCB88CDD67D}.Release|Any CPU.Build.0 = Release|Any CPU
		{EA22FFC4-6872-432A-A535-D4F7AE3D5483}.Debug|Any CPU.ActiveCfg = Debug|Any CPU
		{EA22FFC4-6872-432A-A535-D4F7AE3D5483}.Debug|Any CPU.Build.0 = Debug|Any CPU
		{EA22FFC4-6872-432A-A535-D4F7AE3D5483}.Release|Any CPU.ActiveCfg = Release|Any CPU
		{EA22FFC4-6872-432A-A535-D4F7AE3D5483}.Release|Any CPU.Build.0 = Release|Any CPU
	EndGlobalSection
	GlobalSection(SolutionProperties) = preSolution
		HideSolutionNode = FALSE
	EndGlobalSection
	GlobalSection(NestedProjects) = preSolution
		{C143FD7D-2451-418E-B3B8-C42522FFFB75} = {264AE8B2-B2B6-4D2C-8EAC-3BA28943A81A}
		{05C06B75-51BA-4D44-9A0E-7145360E38E0} = {C143FD7D-2451-418E-B3B8-C42522FFFB75}
		{0F350B51-03DC-4F77-8607-CEEF7DEFA340} = {C143FD7D-2451-418E-B3B8-C42522FFFB75}
		{39330088-81A1-4286-A1A5-8D758CFCB544} = {264AE8B2-B2B6-4D2C-8EAC-3BA28943A81A}
		{D6A133E3-DD2C-4FD4-A1ED-4CCB88CDD67D} = {39330088-81A1-4286-A1A5-8D758CFCB544}
		{A0676AA8-2D30-4EEC-BF52-4729524E2644} = {264AE8B2-B2B6-4D2C-8EAC-3BA28943A81A}
		{EA22FFC4-6872-432A-A535-D4F7AE3D5483} = {A0676AA8-2D30-4EEC-BF52-4729524E2644}
	EndGlobalSection
	GlobalSection(ExtensibilityGlobals) = postSolution
		SolutionGuid = {1F8D26B2-FE5A-451E-ACF5-5B630E2E691E}
	EndGlobalSection
EndGlobal
